PODS:
  - Capacitor (7.4.2):
    - CapacitorCordova
  - CapacitorCordova (7.4.2)

DEPENDENCIES:
  - "Capacitor (from `/Users/A200183073/WebstormProjects/findPlayerMVP/frontend/node_modules/@capacitor/ios`)"
  - "CapacitorCordova (from `/Users/A200183073/WebstormProjects/findPlayerMVP/frontend/node_modules/@capacitor/ios`)"

EXTERNAL SOURCES:
  Capacitor:
    :path: "/Users/A200183073/WebstormProjects/findPlayerMVP/frontend/node_modules/@capacitor/ios"
  CapacitorCordova:
    :path: "/Users/A200183073/WebstormProjects/findPlayerMVP/frontend/node_modules/@capacitor/ios"

SPEC CHECKSUMS:
  Capacitor: 9d9e481b79ffaeacaf7a85d6a11adec32bd33b59
  CapacitorCordova: 5e58d04631bc5094894ac106e2bf1da18a9e6151

PODFILE CHECKSUM: fd336b17c16d56bf790be5fa4c4c5ded69410370

COCOAPODS: 1.16.2
